
Microsoft Visual Studio Solution File, Format Version 12.00
# Visual Studio Version 17
VisualStudioVersion = 17.5.33414.496
MinimumVisualStudioVersion = 10.0.40219.1
Project("{FAE04EC0-301F-11D3-BF4B-00C04F79EFBC}") = "TPModul9_1302213011", "TPModul9_1302213011\TPModul9_1302213011.csproj", "{336346EE-6222-443C-A0A0-63AEF549B2DD}"
EndProject
Global
	GlobalSection(SolutionConfigurationPlatforms) = preSolution
		Debug|Any CPU = Debug|Any CPU
		Release|Any CPU = Release|Any CPU
	EndGlobalSection
	GlobalSection(ProjectConfigurationPlatforms) = postSolution
		{336346EE-6222-443C-A0A0-63AEF549B2DD}.Debug|Any CPU.ActiveCfg = Debug|Any CPU
		{336346EE-6222-443C-A0A0-63AEF549B2DD}.Debug|Any CPU.Build.0 = Debug|Any CPU
		{336346EE-6222-443C-A0A0-63AEF549B2DD}.Release|Any CPU.ActiveCfg = Release|Any CPU
		{336346EE-6222-443C-A0A0-63AEF549B2DD}.Release|Any CPU.Build.0 = Release|Any CPU
	EndGlobalSection
	GlobalSection(SolutionProperties) = preSolution
		HideSolutionNode = FALSE
	EndGlobalSection
	GlobalSection(ExtensibilityGlobals) = postSolution
		SolutionGuid = {F641BD35-FABC-45AC-BE57-181C318D776B}
	EndGlobalSection
EndGlobal
